
Microsoft Visual Studio Solution File, Format Version 12.00
Project("{FAE04EC0-301F-11D3-BF4B-00C04F79EFBC}") = "RC2.CompiledQueries.Issue", "RC2.CompiledQueries.Issue\RC2.CompiledQueries.Issue.csproj", "{BAC5A99B-A054-47EC-B13D-2428D7BAE6B4}"
EndProject
Global
	GlobalSection(SolutionConfigurationPlatforms) = preSolution
		Debug|Any CPU = Debug|Any CPU
		Release|Any CPU = Release|Any CPU
	EndGlobalSection
	GlobalSection(ProjectConfigurationPlatforms) = postSolution
		{BAC5A99B-A054-47EC-B13D-2428D7BAE6B4}.Debug|Any CPU.ActiveCfg = Debug|Any CPU
		{BAC5A99B-A054-47EC-B13D-2428D7BAE6B4}.Debug|Any CPU.Build.0 = Debug|Any CPU
		{BAC5A99B-A054-47EC-B13D-2428D7BAE6B4}.Release|Any CPU.ActiveCfg = Release|Any CPU
		{BAC5A99B-A054-47EC-B13D-2428D7BAE6B4}.Release|Any CPU.Build.0 = Release|Any CPU
	EndGlobalSection
EndGlobal
